
Microsoft Visual Studio Solution File, Format Version 12.00
# Visual Studio Version 17
VisualStudioVersion = 17.4.33213.308
MinimumVisualStudioVersion = 10.0.40219.1
Project("{FAE04EC0-301F-11D3-BF4B-00C04F79EFBC}") = "RAA Level 2 Skills 01", "RAA Level 2 Skills 01\RAA Level 2 Skills 01.csproj", "{9BEB5A5B-B5CE-4007-B37F-79689FD4D4F4}"
EndProject
Global
	GlobalSection(SolutionConfigurationPlatforms) = preSolution
		Debug|Any CPU = Debug|Any CPU
		Release|Any CPU = Release|Any CPU
	EndGlobalSection
	GlobalSection(ProjectConfigurationPlatforms) = postSolution
		{9BEB5A5B-B5CE-4007-B37F-79689FD4D4F4}.Debug|Any CPU.ActiveCfg = Debug|Any CPU
		{9BEB5A5B-B5CE-4007-B37F-79689FD4D4F4}.Debug|Any CPU.Build.0 = Debug|Any CPU
		{9BEB5A5B-B5CE-4007-B37F-79689FD4D4F4}.Release|Any CPU.ActiveCfg = Release|Any CPU
		{9BEB5A5B-B5CE-4007-B37F-79689FD4D4F4}.Release|Any CPU.Build.0 = Release|Any CPU
	EndGlobalSection
	GlobalSection(SolutionProperties) = preSolution
		HideSolutionNode = FALSE
	EndGlobalSection
	GlobalSection(ExtensibilityGlobals) = postSolution
		SolutionGuid = {025D5D07-1076-43EC-89E2-9DEDA04ABB9A}
	EndGlobalSection
EndGlobal
